
Microsoft Visual Studio Solution File, Format Version 12.00
# Visual Studio 15
VisualStudioVersion = 15.0.28010.2046
MinimumVisualStudioVersion = 10.0.40219.1
Project("{8BC9CEB8-8B4A-11D0-8D11-00A0C91BC942}") = "convert", "convert\convert.vcxproj", "{58430C7B-3A2E-4CAE-9A83-304CB74D5631}"
EndProject
Global
	GlobalSection(SolutionConfigurationPlatforms) = preSolution
		Debug|x64 = Debug|x64
		Debug|x86 = Debug|x86
		Release|x64 = Release|x64
		Release|x86 = Release|x86
	EndGlobalSection
	GlobalSection(ProjectConfigurationPlatforms) = postSolution
		{58430C7B-3A2E-4CAE-9A83-304CB74D5631}.Debug|x64.ActiveCfg = Debug|x64
		{58430C7B-3A2E-4CAE-9A83-304CB74D5631}.Debug|x64.Build.0 = Debug|x64
		{58430C7B-3A2E-4CAE-9A83-304CB74D5631}.Debug|x86.ActiveCfg = Debug|Win32
		{58430C7B-3A2E-4CAE-9A83-304CB74D5631}.Debug|x86.Build.0 = Debug|Win32
		{58430C7B-3A2E-4CAE-9A83-304CB74D5631}.Release|x64.ActiveCfg = Release|x64
		{58430C7B-3A2E-4CAE-9A83-304CB74D5631}.Release|x64.Build.0 = Release|x64
		{58430C7B-3A2E-4CAE-9A83-304CB74D5631}.Release|x86.ActiveCfg = Release|Win32
		{58430C7B-3A2E-4CAE-9A83-304CB74D5631}.Release|x86.Build.0 = Release|Win32
	EndGlobalSection
	GlobalSection(SolutionProperties) = preSolution
		HideSolutionNode = FALSE
	EndGlobalSection
	GlobalSection(ExtensibilityGlobals) = postSolution
		SolutionGuid = {FC4A5A32-A99E-4CC6-B883-D95BB188F2D0}
	EndGlobalSection
EndGlobal
